
Microsoft Visual Studio Solution File, Format Version 12.00
# Visual Studio Version 16
VisualStudioVersion = 16.0.31829.152
MinimumVisualStudioVersion = 10.0.40219.1
Project("{FAE04EC0-301F-11D3-BF4B-00C04F79EFBC}") = "SistemasClinica", "SistemasClinica.csproj", "{0AA39EBD-F55C-4725-B201-25D0E01BC173}"
EndProject
Global
	GlobalSection(SolutionConfigurationPlatforms) = preSolution
		Debug|Any CPU = Debug|Any CPU
		Release|Any CPU = Release|Any CPU
	EndGlobalSection
	GlobalSection(ProjectConfigurationPlatforms) = postSolution
		{0AA39EBD-F55C-4725-B201-25D0E01BC173}.Debug|Any CPU.ActiveCfg = Debug|Any CPU
		{0AA39EBD-F55C-4725-B201-25D0E01BC173}.Debug|Any CPU.Build.0 = Debug|Any CPU
		{0AA39EBD-F55C-4725-B201-25D0E01BC173}.Release|Any CPU.ActiveCfg = Release|Any CPU
		{0AA39EBD-F55C-4725-B201-25D0E01BC173}.Release|Any CPU.Build.0 = Release|Any CPU
	EndGlobalSection
	GlobalSection(SolutionProperties) = preSolution
		HideSolutionNode = FALSE
	EndGlobalSection
	GlobalSection(ExtensibilityGlobals) = postSolution
		SolutionGuid = {CF640AE7-EEB7-4A1D-ADEB-11A24A75C8AC}
	EndGlobalSection
EndGlobal
